
Microsoft Visual Studio Solution File, Format Version 12.00
# Visual Studio 15
VisualStudioVersion = 15.0.27428.2015
MinimumVisualStudioVersion = 10.0.40219.1
Project("{FAE04EC0-301F-11D3-BF4B-00C04F79EFBC}") = "Database.App", "Database.App\Database.App.csproj", "{3D4DA2DE-D207-4EF2-8659-BAADA5838A79}"
EndProject
Project("{FAE04EC0-301F-11D3-BF4B-00C04F79EFBC}") = "Database.Tests", "Database.Tests\Database.Tests.csproj", "{B8E030FD-B4FB-4D2E-B27D-7BBA98C4D544}"
EndProject
Global
	GlobalSection(SolutionConfigurationPlatforms) = preSolution
		Debug|Any CPU = Debug|Any CPU
		Release|Any CPU = Release|Any CPU
	EndGlobalSection
	GlobalSection(ProjectConfigurationPlatforms) = postSolution
		{3D4DA2DE-D207-4EF2-8659-BAADA5838A79}.Debug|Any CPU.ActiveCfg = Debug|Any CPU
		{3D4DA2DE-D207-4EF2-8659-BAADA5838A79}.Debug|Any CPU.Build.0 = Debug|Any CPU
		{3D4DA2DE-D207-4EF2-8659-BAADA5838A79}.Release|Any CPU.ActiveCfg = Release|Any CPU
		{3D4DA2DE-D207-4EF2-8659-BAADA5838A79}.Release|Any CPU.Build.0 = Release|Any CPU
		{B8E030FD-B4FB-4D2E-B27D-7BBA98C4D544}.Debug|Any CPU.ActiveCfg = Debug|Any CPU
		{B8E030FD-B4FB-4D2E-B27D-7BBA98C4D544}.Debug|Any CPU.Build.0 = Debug|Any CPU
		{B8E030FD-B4FB-4D2E-B27D-7BBA98C4D544}.Release|Any CPU.ActiveCfg = Release|Any CPU
		{B8E030FD-B4FB-4D2E-B27D-7BBA98C4D544}.Release|Any CPU.Build.0 = Release|Any CPU
	EndGlobalSection
	GlobalSection(SolutionProperties) = preSolution
		HideSolutionNode = FALSE
	EndGlobalSection
	GlobalSection(ExtensibilityGlobals) = postSolution
		SolutionGuid = {D059DFCE-57DE-4C80-AC9D-A1D5E616BAB1}
	EndGlobalSection
EndGlobal
