
Microsoft Visual Studio Solution File, Format Version 12.00
# Visual Studio 15
VisualStudioVersion = 15.0.26430.12
MinimumVisualStudioVersion = 10.0.40219.1
Project("{FAE04EC0-301F-11D3-BF4B-00C04F79EFBC}") = "LectionPractice", "LectionPractice\LectionPractice.csproj", "{FBF7D48F-D1C3-4B62-B880-2DC0AF65D90C}"
EndProject
Global
	GlobalSection(SolutionConfigurationPlatforms) = preSolution
		Debug|Any CPU = Debug|Any CPU
		Release|Any CPU = Release|Any CPU
	EndGlobalSection
	GlobalSection(ProjectConfigurationPlatforms) = postSolution
		{FBF7D48F-D1C3-4B62-B880-2DC0AF65D90C}.Debug|Any CPU.ActiveCfg = Debug|Any CPU
		{FBF7D48F-D1C3-4B62-B880-2DC0AF65D90C}.Debug|Any CPU.Build.0 = Debug|Any CPU
		{FBF7D48F-D1C3-4B62-B880-2DC0AF65D90C}.Release|Any CPU.ActiveCfg = Release|Any CPU
		{FBF7D48F-D1C3-4B62-B880-2DC0AF65D90C}.Release|Any CPU.Build.0 = Release|Any CPU
	EndGlobalSection
	GlobalSection(SolutionProperties) = preSolution
		HideSolutionNode = FALSE
	EndGlobalSection
EndGlobal
