
Microsoft Visual Studio Solution File, Format Version 12.00
# Visual Studio 15
VisualStudioVersion = 15.0.27428.2015
MinimumVisualStudioVersion = 10.0.40219.1
Project("{9A19103F-16F7-4668-BE54-9A1E7A4F7556}") = "Database.App", "Database.App\Database.App.csproj", "{67D84179-7D8D-4A56-83B6-5A50A9303CDE}"
EndProject
Project("{9A19103F-16F7-4668-BE54-9A1E7A4F7556}") = "Database.Tests", "Database.Tests\Database.Tests.csproj", "{B78F6FDD-FB5C-4FEF-8015-4CA16E821CCC}"
EndProject
Global
	GlobalSection(SolutionConfigurationPlatforms) = preSolution
		Debug|Any CPU = Debug|Any CPU
		Release|Any CPU = Release|Any CPU
	EndGlobalSection
	GlobalSection(ProjectConfigurationPlatforms) = postSolution
		{67D84179-7D8D-4A56-83B6-5A50A9303CDE}.Debug|Any CPU.ActiveCfg = Debug|Any CPU
		{67D84179-7D8D-4A56-83B6-5A50A9303CDE}.Debug|Any CPU.Build.0 = Debug|Any CPU
		{67D84179-7D8D-4A56-83B6-5A50A9303CDE}.Release|Any CPU.ActiveCfg = Release|Any CPU
		{67D84179-7D8D-4A56-83B6-5A50A9303CDE}.Release|Any CPU.Build.0 = Release|Any CPU
		{B78F6FDD-FB5C-4FEF-8015-4CA16E821CCC}.Debug|Any CPU.ActiveCfg = Debug|Any CPU
		{B78F6FDD-FB5C-4FEF-8015-4CA16E821CCC}.Debug|Any CPU.Build.0 = Debug|Any CPU
		{B78F6FDD-FB5C-4FEF-8015-4CA16E821CCC}.Release|Any CPU.ActiveCfg = Release|Any CPU
		{B78F6FDD-FB5C-4FEF-8015-4CA16E821CCC}.Release|Any CPU.Build.0 = Release|Any CPU
	EndGlobalSection
	GlobalSection(SolutionProperties) = preSolution
		HideSolutionNode = FALSE
	EndGlobalSection
	GlobalSection(ExtensibilityGlobals) = postSolution
		SolutionGuid = {DBDDC398-E158-4DC8-BFDE-FE14B011D670}
	EndGlobalSection
EndGlobal
