
Microsoft Visual Studio Solution File, Format Version 12.00
# Visual Studio 15
VisualStudioVersion = 15.0.27130.2026
MinimumVisualStudioVersion = 10.0.40219.1
Project("{9A19103F-16F7-4668-BE54-9A1E7A4F7556}") = "P03_StudentSystem", "P03_StudentSystem\P03_StudentSystem.csproj", "{E0EB8894-7500-415A-A5D1-C5F118A2FDFE}"
EndProject
Project("{FAE04EC0-301F-11D3-BF4B-00C04F79EFBC}") = "Rhombus_Of_Stars", "Rhombus_Of_Stars\Rhombus_Of_Stars.csproj", "{BEA36203-37FE-498D-B266-1341F836C7A2}"
EndProject
Project("{FAE04EC0-301F-11D3-BF4B-00C04F79EFBC}") = "Point_In_Rectangle", "Point_In_Rectangle\Point_In_Rectangle.csproj", "{6FB40D29-A047-4C2E-8363-113EEE8416D2}"
EndProject
Project("{FAE04EC0-301F-11D3-BF4B-00C04F79EFBC}") = "Hotel_Reservation", "Hotel_Reservation\Hotel_Reservation.csproj", "{A892AC30-06B7-4A05-B1EB-4E7BADF4ABEF}"
EndProject
Global
	GlobalSection(SolutionConfigurationPlatforms) = preSolution
		Debug|Any CPU = Debug|Any CPU
		Release|Any CPU = Release|Any CPU
	EndGlobalSection
	GlobalSection(ProjectConfigurationPlatforms) = postSolution
		{E0EB8894-7500-415A-A5D1-C5F118A2FDFE}.Debug|Any CPU.ActiveCfg = Debug|Any CPU
		{E0EB8894-7500-415A-A5D1-C5F118A2FDFE}.Debug|Any CPU.Build.0 = Debug|Any CPU
		{E0EB8894-7500-415A-A5D1-C5F118A2FDFE}.Release|Any CPU.ActiveCfg = Release|Any CPU
		{E0EB8894-7500-415A-A5D1-C5F118A2FDFE}.Release|Any CPU.Build.0 = Release|Any CPU
		{BEA36203-37FE-498D-B266-1341F836C7A2}.Debug|Any CPU.ActiveCfg = Debug|Any CPU
		{BEA36203-37FE-498D-B266-1341F836C7A2}.Debug|Any CPU.Build.0 = Debug|Any CPU
		{BEA36203-37FE-498D-B266-1341F836C7A2}.Release|Any CPU.ActiveCfg = Release|Any CPU
		{BEA36203-37FE-498D-B266-1341F836C7A2}.Release|Any CPU.Build.0 = Release|Any CPU
		{6FB40D29-A047-4C2E-8363-113EEE8416D2}.Debug|Any CPU.ActiveCfg = Debug|Any CPU
		{6FB40D29-A047-4C2E-8363-113EEE8416D2}.Debug|Any CPU.Build.0 = Debug|Any CPU
		{6FB40D29-A047-4C2E-8363-113EEE8416D2}.Release|Any CPU.ActiveCfg = Release|Any CPU
		{6FB40D29-A047-4C2E-8363-113EEE8416D2}.Release|Any CPU.Build.0 = Release|Any CPU
		{A892AC30-06B7-4A05-B1EB-4E7BADF4ABEF}.Debug|Any CPU.ActiveCfg = Debug|Any CPU
		{A892AC30-06B7-4A05-B1EB-4E7BADF4ABEF}.Debug|Any CPU.Build.0 = Debug|Any CPU
		{A892AC30-06B7-4A05-B1EB-4E7BADF4ABEF}.Release|Any CPU.ActiveCfg = Release|Any CPU
		{A892AC30-06B7-4A05-B1EB-4E7BADF4ABEF}.Release|Any CPU.Build.0 = Release|Any CPU
	EndGlobalSection
	GlobalSection(SolutionProperties) = preSolution
		HideSolutionNode = FALSE
	EndGlobalSection
	GlobalSection(ExtensibilityGlobals) = postSolution
		SolutionGuid = {0B957485-ED2C-41F3-805A-605D2BD8A728}
	EndGlobalSection
EndGlobal
