
Microsoft Visual Studio Solution File, Format Version 12.00
# Visual Studio 15
VisualStudioVersion = 15.0.27428.2015
MinimumVisualStudioVersion = 10.0.40219.1
Project("{FAE04EC0-301F-11D3-BF4B-00C04F79EFBC}") = "Iterator_Test.App", "Iterator_Test.App\Iterator_Test.App.csproj", "{87C7A211-5B3C-40F1-AE82-33DB52EE3EFD}"
EndProject
Project("{FAE04EC0-301F-11D3-BF4B-00C04F79EFBC}") = "Iterator_Test.Tests", "Iterator_Test.Tests\Iterator_Test.Tests.csproj", "{CF746703-8E01-4C6C-9CE4-6FE1809B8386}"
EndProject
Global
	GlobalSection(SolutionConfigurationPlatforms) = preSolution
		Debug|Any CPU = Debug|Any CPU
		Release|Any CPU = Release|Any CPU
	EndGlobalSection
	GlobalSection(ProjectConfigurationPlatforms) = postSolution
		{87C7A211-5B3C-40F1-AE82-33DB52EE3EFD}.Debug|Any CPU.ActiveCfg = Debug|Any CPU
		{87C7A211-5B3C-40F1-AE82-33DB52EE3EFD}.Debug|Any CPU.Build.0 = Debug|Any CPU
		{87C7A211-5B3C-40F1-AE82-33DB52EE3EFD}.Release|Any CPU.ActiveCfg = Release|Any CPU
		{87C7A211-5B3C-40F1-AE82-33DB52EE3EFD}.Release|Any CPU.Build.0 = Release|Any CPU
		{CF746703-8E01-4C6C-9CE4-6FE1809B8386}.Debug|Any CPU.ActiveCfg = Debug|Any CPU
		{CF746703-8E01-4C6C-9CE4-6FE1809B8386}.Debug|Any CPU.Build.0 = Debug|Any CPU
		{CF746703-8E01-4C6C-9CE4-6FE1809B8386}.Release|Any CPU.ActiveCfg = Release|Any CPU
		{CF746703-8E01-4C6C-9CE4-6FE1809B8386}.Release|Any CPU.Build.0 = Release|Any CPU
	EndGlobalSection
	GlobalSection(SolutionProperties) = preSolution
		HideSolutionNode = FALSE
	EndGlobalSection
	GlobalSection(ExtensibilityGlobals) = postSolution
		SolutionGuid = {0CE2223F-3FDC-42E0-B278-BADF1E2DC31D}
	EndGlobalSection
EndGlobal
