
Microsoft Visual Studio Solution File, Format Version 12.00
# Visual Studio 15
VisualStudioVersion = 15.0.27130.2026
MinimumVisualStudioVersion = 10.0.40219.1
Project("{FAE04EC0-301F-11D3-BF4B-00C04F79EFBC}") = "BankAccount", "BankAccount\BankAccount.csproj", "{74E3E387-9029-43C1-98BD-32912E2F1A75}"
EndProject
Global
	GlobalSection(SolutionConfigurationPlatforms) = preSolution
		Debug|Any CPU = Debug|Any CPU
		Release|Any CPU = Release|Any CPU
	EndGlobalSection
	GlobalSection(ProjectConfigurationPlatforms) = postSolution
		{74E3E387-9029-43C1-98BD-32912E2F1A75}.Debug|Any CPU.ActiveCfg = Debug|Any CPU
		{74E3E387-9029-43C1-98BD-32912E2F1A75}.Debug|Any CPU.Build.0 = Debug|Any CPU
		{74E3E387-9029-43C1-98BD-32912E2F1A75}.Release|Any CPU.ActiveCfg = Release|Any CPU
		{74E3E387-9029-43C1-98BD-32912E2F1A75}.Release|Any CPU.Build.0 = Release|Any CPU
	EndGlobalSection
	GlobalSection(SolutionProperties) = preSolution
		HideSolutionNode = FALSE
	EndGlobalSection
	GlobalSection(ExtensibilityGlobals) = postSolution
		SolutionGuid = {4CF2E433-A8FA-48B3-8B82-788412DC8372}
	EndGlobalSection
EndGlobal
