
Microsoft Visual Studio Solution File, Format Version 12.00
# Visual Studio 15
VisualStudioVersion = 15.0.27130.2026
MinimumVisualStudioVersion = 10.0.40219.1
Project("{FAE04EC0-301F-11D3-BF4B-00C04F79EFBC}") = "Persons", "Persons\Persons.csproj", "{73226BE9-3322-49EE-8BD0-17A729C8B411}"
EndProject
Global
	GlobalSection(SolutionConfigurationPlatforms) = preSolution
		Debug|Any CPU = Debug|Any CPU
		Release|Any CPU = Release|Any CPU
	EndGlobalSection
	GlobalSection(ProjectConfigurationPlatforms) = postSolution
		{73226BE9-3322-49EE-8BD0-17A729C8B411}.Debug|Any CPU.ActiveCfg = Debug|Any CPU
		{73226BE9-3322-49EE-8BD0-17A729C8B411}.Debug|Any CPU.Build.0 = Debug|Any CPU
		{73226BE9-3322-49EE-8BD0-17A729C8B411}.Release|Any CPU.ActiveCfg = Release|Any CPU
		{73226BE9-3322-49EE-8BD0-17A729C8B411}.Release|Any CPU.Build.0 = Release|Any CPU
	EndGlobalSection
	GlobalSection(SolutionProperties) = preSolution
		HideSolutionNode = FALSE
	EndGlobalSection
	GlobalSection(ExtensibilityGlobals) = postSolution
		SolutionGuid = {4B086046-6BF5-446B-8639-B3B14D1E5A4A}
	EndGlobalSection
EndGlobal
