
Microsoft Visual Studio Solution File, Format Version 12.00
# Visual Studio 15
VisualStudioVersion = 15.0.27428.2015
MinimumVisualStudioVersion = 10.0.40219.1
Project("{9A19103F-16F7-4668-BE54-9A1E7A4F7556}") = "Tire_Pressure_Monitoring_System.App", "Tire_Pressure_Monitoring_System.App\Tire_Pressure_Monitoring_System.App.csproj", "{BEF46D3E-8C3F-489B-90AD-A2B724480E7E}"
EndProject
Project("{FAE04EC0-301F-11D3-BF4B-00C04F79EFBC}") = "Tire_Pressure_Monitoring_System.Tests", "Tire_Pressure_Monitoring_System.Tests\Tire_Pressure_Monitoring_System.Tests.csproj", "{5FC99778-FC1D-404F-82D9-B306D61D5846}"
EndProject
Global
	GlobalSection(SolutionConfigurationPlatforms) = preSolution
		Debug|Any CPU = Debug|Any CPU
		Release|Any CPU = Release|Any CPU
	EndGlobalSection
	GlobalSection(ProjectConfigurationPlatforms) = postSolution
		{BEF46D3E-8C3F-489B-90AD-A2B724480E7E}.Debug|Any CPU.ActiveCfg = Debug|Any CPU
		{BEF46D3E-8C3F-489B-90AD-A2B724480E7E}.Debug|Any CPU.Build.0 = Debug|Any CPU
		{BEF46D3E-8C3F-489B-90AD-A2B724480E7E}.Release|Any CPU.ActiveCfg = Release|Any CPU
		{BEF46D3E-8C3F-489B-90AD-A2B724480E7E}.Release|Any CPU.Build.0 = Release|Any CPU
		{5FC99778-FC1D-404F-82D9-B306D61D5846}.Debug|Any CPU.ActiveCfg = Debug|Any CPU
		{5FC99778-FC1D-404F-82D9-B306D61D5846}.Debug|Any CPU.Build.0 = Debug|Any CPU
		{5FC99778-FC1D-404F-82D9-B306D61D5846}.Release|Any CPU.ActiveCfg = Release|Any CPU
		{5FC99778-FC1D-404F-82D9-B306D61D5846}.Release|Any CPU.Build.0 = Release|Any CPU
	EndGlobalSection
	GlobalSection(SolutionProperties) = preSolution
		HideSolutionNode = FALSE
	EndGlobalSection
	GlobalSection(ExtensibilityGlobals) = postSolution
		SolutionGuid = {E1416FC5-1CD4-4365-AA53-F58755F1FBBF}
	EndGlobalSection
EndGlobal
