
Microsoft Visual Studio Solution File, Format Version 12.00
# Visual Studio 15
VisualStudioVersion = 15.0.27130.2036
MinimumVisualStudioVersion = 10.0.40219.1
Project("{9A19103F-16F7-4668-BE54-9A1E7A4F7556}") = "Define_An_Interface_And_Implement_It", "Define_An_Interface_And_Implement_It\Define_An_Interface_And_Implement_It.csproj", "{97ADDFE2-E095-4E03-A7C2-EB047C778A3C}"
EndProject
Project("{9A19103F-16F7-4668-BE54-9A1E7A4F7556}") = "Ferrari", "Ferrari\Ferrari.csproj", "{DAAC2215-364D-4811-9035-D5FA236EE2EB}"
EndProject
Project("{9A19103F-16F7-4668-BE54-9A1E7A4F7556}") = "Telephony", "Telephony\Telephony.csproj", "{B9AB123B-2581-4470-92E3-D76C8607DE5F}"
EndProject
Project("{9A19103F-16F7-4668-BE54-9A1E7A4F7556}") = "Border_Control", "Border_Control\Border_Control.csproj", "{2CA8D211-4680-4262-AF45-B56E2C7739D2}"
EndProject
Project("{9A19103F-16F7-4668-BE54-9A1E7A4F7556}") = "Birthday_Celebrations", "Birthday_Celebrations\Birthday_Celebrations.csproj", "{61093733-24E7-4433-8F2A-014E2E276006}"
EndProject
Project("{9A19103F-16F7-4668-BE54-9A1E7A4F7556}") = "Food_Shortage", "Food_Shortage\Food_Shortage.csproj", "{B50AD24E-A5F7-4B3E-A578-EB8B083F7745}"
EndProject
Project("{9A19103F-16F7-4668-BE54-9A1E7A4F7556}") = "Military_elite", "Military_elite\Military_elite.csproj", "{4CB9289F-9744-4EDE-B149-5974062086F9}"
EndProject
Project("{9A19103F-16F7-4668-BE54-9A1E7A4F7556}") = "Collection_Hierarchy", "Collection_Hierarchy\Collection_Hierarchy.csproj", "{C1087C15-AA57-4614-9B44-88EF133BE1E6}"
EndProject
Project("{FAE04EC0-301F-11D3-BF4B-00C04F79EFBC}") = "Explicit_Interfaces", "Explicit_Interfaces\Explicit_Interfaces.csproj", "{6E22A0CF-BF3C-4F8D-B234-270C2B24D6BB}"
EndProject
Global
	GlobalSection(SolutionConfigurationPlatforms) = preSolution
		Debug|Any CPU = Debug|Any CPU
		Release|Any CPU = Release|Any CPU
	EndGlobalSection
	GlobalSection(ProjectConfigurationPlatforms) = postSolution
		{97ADDFE2-E095-4E03-A7C2-EB047C778A3C}.Debug|Any CPU.ActiveCfg = Debug|Any CPU
		{97ADDFE2-E095-4E03-A7C2-EB047C778A3C}.Debug|Any CPU.Build.0 = Debug|Any CPU
		{97ADDFE2-E095-4E03-A7C2-EB047C778A3C}.Release|Any CPU.ActiveCfg = Release|Any CPU
		{97ADDFE2-E095-4E03-A7C2-EB047C778A3C}.Release|Any CPU.Build.0 = Release|Any CPU
		{DAAC2215-364D-4811-9035-D5FA236EE2EB}.Debug|Any CPU.ActiveCfg = Debug|Any CPU
		{DAAC2215-364D-4811-9035-D5FA236EE2EB}.Debug|Any CPU.Build.0 = Debug|Any CPU
		{DAAC2215-364D-4811-9035-D5FA236EE2EB}.Release|Any CPU.ActiveCfg = Release|Any CPU
		{DAAC2215-364D-4811-9035-D5FA236EE2EB}.Release|Any CPU.Build.0 = Release|Any CPU
		{B9AB123B-2581-4470-92E3-D76C8607DE5F}.Debug|Any CPU.ActiveCfg = Debug|Any CPU
		{B9AB123B-2581-4470-92E3-D76C8607DE5F}.Debug|Any CPU.Build.0 = Debug|Any CPU
		{B9AB123B-2581-4470-92E3-D76C8607DE5F}.Release|Any CPU.ActiveCfg = Release|Any CPU
		{B9AB123B-2581-4470-92E3-D76C8607DE5F}.Release|Any CPU.Build.0 = Release|Any CPU
		{2CA8D211-4680-4262-AF45-B56E2C7739D2}.Debug|Any CPU.ActiveCfg = Debug|Any CPU
		{2CA8D211-4680-4262-AF45-B56E2C7739D2}.Debug|Any CPU.Build.0 = Debug|Any CPU
		{2CA8D211-4680-4262-AF45-B56E2C7739D2}.Release|Any CPU.ActiveCfg = Release|Any CPU
		{2CA8D211-4680-4262-AF45-B56E2C7739D2}.Release|Any CPU.Build.0 = Release|Any CPU
		{61093733-24E7-4433-8F2A-014E2E276006}.Debug|Any CPU.ActiveCfg = Debug|Any CPU
		{61093733-24E7-4433-8F2A-014E2E276006}.Debug|Any CPU.Build.0 = Debug|Any CPU
		{61093733-24E7-4433-8F2A-014E2E276006}.Release|Any CPU.ActiveCfg = Release|Any CPU
		{61093733-24E7-4433-8F2A-014E2E276006}.Release|Any CPU.Build.0 = Release|Any CPU
		{B50AD24E-A5F7-4B3E-A578-EB8B083F7745}.Debug|Any CPU.ActiveCfg = Debug|Any CPU
		{B50AD24E-A5F7-4B3E-A578-EB8B083F7745}.Debug|Any CPU.Build.0 = Debug|Any CPU
		{B50AD24E-A5F7-4B3E-A578-EB8B083F7745}.Release|Any CPU.ActiveCfg = Release|Any CPU
		{B50AD24E-A5F7-4B3E-A578-EB8B083F7745}.Release|Any CPU.Build.0 = Release|Any CPU
		{4CB9289F-9744-4EDE-B149-5974062086F9}.Debug|Any CPU.ActiveCfg = Debug|Any CPU
		{4CB9289F-9744-4EDE-B149-5974062086F9}.Debug|Any CPU.Build.0 = Debug|Any CPU
		{4CB9289F-9744-4EDE-B149-5974062086F9}.Release|Any CPU.ActiveCfg = Release|Any CPU
		{4CB9289F-9744-4EDE-B149-5974062086F9}.Release|Any CPU.Build.0 = Release|Any CPU
		{C1087C15-AA57-4614-9B44-88EF133BE1E6}.Debug|Any CPU.ActiveCfg = Debug|Any CPU
		{C1087C15-AA57-4614-9B44-88EF133BE1E6}.Debug|Any CPU.Build.0 = Debug|Any CPU
		{C1087C15-AA57-4614-9B44-88EF133BE1E6}.Release|Any CPU.ActiveCfg = Release|Any CPU
		{C1087C15-AA57-4614-9B44-88EF133BE1E6}.Release|Any CPU.Build.0 = Release|Any CPU
		{6E22A0CF-BF3C-4F8D-B234-270C2B24D6BB}.Debug|Any CPU.ActiveCfg = Debug|Any CPU
		{6E22A0CF-BF3C-4F8D-B234-270C2B24D6BB}.Debug|Any CPU.Build.0 = Debug|Any CPU
		{6E22A0CF-BF3C-4F8D-B234-270C2B24D6BB}.Release|Any CPU.ActiveCfg = Release|Any CPU
		{6E22A0CF-BF3C-4F8D-B234-270C2B24D6BB}.Release|Any CPU.Build.0 = Release|Any CPU
	EndGlobalSection
	GlobalSection(SolutionProperties) = preSolution
		HideSolutionNode = FALSE
	EndGlobalSection
	GlobalSection(ExtensibilityGlobals) = postSolution
		SolutionGuid = {49CDDBA1-AAC0-4856-B054-F445200B564F}
	EndGlobalSection
EndGlobal
