
Microsoft Visual Studio Solution File, Format Version 12.00
# Visual Studio 15
VisualStudioVersion = 15.0.27130.2036
MinimumVisualStudioVersion = 10.0.40219.1
Project("{FAE04EC0-301F-11D3-BF4B-00C04F79EFBC}") = "MathOperation", "MathOperation\MathOperation.csproj", "{6616991F-96AC-4BC3-B741-AFF1A51CC63D}"
EndProject
Project("{FAE04EC0-301F-11D3-BF4B-00C04F79EFBC}") = "Animals", "Animals\Animals.csproj", "{B07C8243-C4EC-4667-A4E2-F7DF2163CC6F}"
EndProject
Project("{FAE04EC0-301F-11D3-BF4B-00C04F79EFBC}") = "Shapes", "Shapes\Shapes.csproj", "{02F982C2-F67D-45C5-BD76-B496CFF12AD3}"
EndProject
Global
	GlobalSection(SolutionConfigurationPlatforms) = preSolution
		Debug|Any CPU = Debug|Any CPU
		Release|Any CPU = Release|Any CPU
	EndGlobalSection
	GlobalSection(ProjectConfigurationPlatforms) = postSolution
		{6616991F-96AC-4BC3-B741-AFF1A51CC63D}.Debug|Any CPU.ActiveCfg = Debug|Any CPU
		{6616991F-96AC-4BC3-B741-AFF1A51CC63D}.Debug|Any CPU.Build.0 = Debug|Any CPU
		{6616991F-96AC-4BC3-B741-AFF1A51CC63D}.Release|Any CPU.ActiveCfg = Release|Any CPU
		{6616991F-96AC-4BC3-B741-AFF1A51CC63D}.Release|Any CPU.Build.0 = Release|Any CPU
		{B07C8243-C4EC-4667-A4E2-F7DF2163CC6F}.Debug|Any CPU.ActiveCfg = Debug|Any CPU
		{B07C8243-C4EC-4667-A4E2-F7DF2163CC6F}.Debug|Any CPU.Build.0 = Debug|Any CPU
		{B07C8243-C4EC-4667-A4E2-F7DF2163CC6F}.Release|Any CPU.ActiveCfg = Release|Any CPU
		{B07C8243-C4EC-4667-A4E2-F7DF2163CC6F}.Release|Any CPU.Build.0 = Release|Any CPU
		{02F982C2-F67D-45C5-BD76-B496CFF12AD3}.Debug|Any CPU.ActiveCfg = Debug|Any CPU
		{02F982C2-F67D-45C5-BD76-B496CFF12AD3}.Debug|Any CPU.Build.0 = Debug|Any CPU
		{02F982C2-F67D-45C5-BD76-B496CFF12AD3}.Release|Any CPU.ActiveCfg = Release|Any CPU
		{02F982C2-F67D-45C5-BD76-B496CFF12AD3}.Release|Any CPU.Build.0 = Release|Any CPU
	EndGlobalSection
	GlobalSection(SolutionProperties) = preSolution
		HideSolutionNode = FALSE
	EndGlobalSection
	GlobalSection(ExtensibilityGlobals) = postSolution
		SolutionGuid = {85DFCA21-1B0A-4088-9218-546F8C2C0DBB}
	EndGlobalSection
EndGlobal
