
Microsoft Visual Studio Solution File, Format Version 12.00
# Visual Studio 15
VisualStudioVersion = 15.0.27428.2015
MinimumVisualStudioVersion = 10.0.40219.1
Project("{FAE04EC0-301F-11D3-BF4B-00C04F79EFBC}") = "Bubble_Sort_Test.App", "Bubble_Sort_Test.App\Bubble_Sort_Test.App.csproj", "{4E2EBEFD-9EA8-4246-9150-4E40A845D00D}"
EndProject
Project("{FAE04EC0-301F-11D3-BF4B-00C04F79EFBC}") = "Bubble_Sort_Test.Tests", "Bubble_Sort_Test.Tests\Bubble_Sort_Test.Tests.csproj", "{1E3291DA-8D9F-499E-BBFC-AEB0F5E655C6}"
EndProject
Global
	GlobalSection(SolutionConfigurationPlatforms) = preSolution
		Debug|Any CPU = Debug|Any CPU
		Release|Any CPU = Release|Any CPU
	EndGlobalSection
	GlobalSection(ProjectConfigurationPlatforms) = postSolution
		{4E2EBEFD-9EA8-4246-9150-4E40A845D00D}.Debug|Any CPU.ActiveCfg = Debug|Any CPU
		{4E2EBEFD-9EA8-4246-9150-4E40A845D00D}.Debug|Any CPU.Build.0 = Debug|Any CPU
		{4E2EBEFD-9EA8-4246-9150-4E40A845D00D}.Release|Any CPU.ActiveCfg = Release|Any CPU
		{4E2EBEFD-9EA8-4246-9150-4E40A845D00D}.Release|Any CPU.Build.0 = Release|Any CPU
		{1E3291DA-8D9F-499E-BBFC-AEB0F5E655C6}.Debug|Any CPU.ActiveCfg = Debug|Any CPU
		{1E3291DA-8D9F-499E-BBFC-AEB0F5E655C6}.Debug|Any CPU.Build.0 = Debug|Any CPU
		{1E3291DA-8D9F-499E-BBFC-AEB0F5E655C6}.Release|Any CPU.ActiveCfg = Release|Any CPU
		{1E3291DA-8D9F-499E-BBFC-AEB0F5E655C6}.Release|Any CPU.Build.0 = Release|Any CPU
	EndGlobalSection
	GlobalSection(SolutionProperties) = preSolution
		HideSolutionNode = FALSE
	EndGlobalSection
	GlobalSection(ExtensibilityGlobals) = postSolution
		SolutionGuid = {C0353E10-6DB5-40AA-9A20-A522FABDF685}
	EndGlobalSection
EndGlobal
