
Microsoft Visual Studio Solution File, Format Version 12.00
# Visual Studio 15
VisualStudioVersion = 15.0.27428.2002
MinimumVisualStudioVersion = 10.0.40219.1
Project("{9A19103F-16F7-4668-BE54-9A1E7A4F7556}") = "OOP_Basics_Exam_Minedraft", "OOP_Basics_Exam_Minedraft\OOP_Basics_Exam_Minedraft.csproj", "{FFDE7789-901D-457A-A477-8AF2F3FD729D}"
EndProject
Global
	GlobalSection(SolutionConfigurationPlatforms) = preSolution
		Debug|Any CPU = Debug|Any CPU
		Release|Any CPU = Release|Any CPU
	EndGlobalSection
	GlobalSection(ProjectConfigurationPlatforms) = postSolution
		{FFDE7789-901D-457A-A477-8AF2F3FD729D}.Debug|Any CPU.ActiveCfg = Debug|Any CPU
		{FFDE7789-901D-457A-A477-8AF2F3FD729D}.Debug|Any CPU.Build.0 = Debug|Any CPU
		{FFDE7789-901D-457A-A477-8AF2F3FD729D}.Release|Any CPU.ActiveCfg = Release|Any CPU
		{FFDE7789-901D-457A-A477-8AF2F3FD729D}.Release|Any CPU.Build.0 = Release|Any CPU
	EndGlobalSection
	GlobalSection(SolutionProperties) = preSolution
		HideSolutionNode = FALSE
	EndGlobalSection
	GlobalSection(ExtensibilityGlobals) = postSolution
		SolutionGuid = {F81C6F5E-0CA1-499F-8D48-AA7D0CF3BE29}
	EndGlobalSection
EndGlobal
